// !$*UTF8*$!
{
	archiveVersion = 1;
	classes = {
	};
	objectVersion = 46;
	objects = {

/* Begin PBXBuildFile section */
		1CCF7EC1ED94527377F31E5D /* libPods.a in Frameworks */ = {isa = PBXBuildFile; fileRef = E00E4B15EA382A421D8AF169 /* libPods.a */; };
		FA74DAA519FF0F2F003C421B /* AppDelegate.swift in Sources */ = {isa = PBXBuildFile; fileRef = FA74DAA419FF0F2F003C421B /* AppDelegate.swift */; };
		FA74DAA719FF0F2F003C421B /* ViewController.swift in Sources */ = {isa = PBXBuildFile; fileRef = FA74DAA619FF0F2F003C421B /* ViewController.swift */; };
		FA74DAAA19FF0F2F003C421B /* Main.storyboard in Resources */ = {isa = PBXBuildFile; fileRef = FA74DAA819FF0F2F003C421B /* Main.storyboard */; };
		FA74DAAC19FF0F2F003C421B /* Images.xcassets in Resources */ = {isa = PBXBuildFile; fileRef = FA74DAAB19FF0F2F003C421B /* Images.xcassets */; };
		FA74DAAF19FF0F2F003C421B /* LaunchScreen.xib in Resources */ = {isa = PBXBuildFile; fileRef = FA74DAAD19FF0F2F003C421B /* LaunchScreen.xib */; };
		FA74DABB19FF0F2F003C421B /* StormyTests.swift in Sources */ = {isa = PBXBuildFile; fileRef = FA74DABA19FF0F2F003C421B /* StormyTests.swift */; };
		FAEF30F01A070C1D00C01682 /* Current.swift in Sources */ = {isa = PBXBuildFile; fileRef = FAEF30EF1A070C1D00C01682 /* Current.swift */; };
/* End PBXBuildFile section */

/* Begin PBXContainerItemProxy section */
		FA74DAB519FF0F2F003C421B /* PBXContainerItemProxy */ = {
			isa = PBXContainerItemProxy;
			containerPortal = FA74DA9719FF0F2F003C421B /* Project object */;
			proxyType = 1;
			remoteGlobalIDString = FA74DA9E19FF0F2F003C421B;
			remoteInfo = Stormy;
		};
/* End PBXContainerItemProxy section */

/* Begin PBXFileReference section */
		690747429A45F3C2F6BE1E3E /* Pods.release.xcconfig */ = {isa = PBXFileReference; includeInIndex = 1; lastKnownFileType = text.xcconfig; name = Pods.release.xcconfig; path = "Pods/Target Support Files/Pods/Pods.release.xcconfig"; sourceTree = "<group>"; };
		CFA2B78430ACA3DCCF021F2D /* Pods.debug.xcconfig */ = {isa = PBXFileReference; includeInIndex = 1; lastKnownFileType = text.xcconfig; name = Pods.debug.xcconfig; path = "Pods/Target Support Files/Pods/Pods.debug.xcconfig"; sourceTree = "<group>"; };
		E00E4B15EA382A421D8AF169 /* libPods.a */ = {isa = PBXFileReference; explicitFileType = archive.ar; includeInIndex = 0; path = libPods.a; sourceTree = BUILT_PRODUCTS_DIR; };
		FA74DA9F19FF0F2F003C421B /* Stormy.app */ = {isa = PBXFileReference; explicitFileType = wrapper.application; includeInIndex = 0; path = Stormy.app; sourceTree = BUILT_PRODUCTS_DIR; };
		FA74DAA319FF0F2F003C421B /* Info.plist */ = {isa = PBXFileReference; lastKnownFileType = text.plist.xml; path = Info.plist; sourceTree = "<group>"; };
		FA74DAA419FF0F2F003C421B /* AppDelegate.swift */ = {isa = PBXFileReference; lastKnownFileType = sourcecode.swift; path = AppDelegate.swift; sourceTree = "<group>"; };
		FA74DAA619FF0F2F003C421B /* ViewController.swift */ = {isa = PBXFileReference; lastKnownFileType = sourcecode.swift; path = ViewController.swift; sourceTree = "<group>"; };
		FA74DAA919FF0F2F003C421B /* Base */ = {isa = PBXFileReference; lastKnownFileType = file.storyboard; name = Base; path = Base.lproj/Main.storyboard; sourceTree = "<group>"; };
		FA74DAAB19FF0F2F003C421B /* Images.xcassets */ = {isa = PBXFileReference; lastKnownFileType = folder.assetcatalog; path = Images.xcassets; sourceTree = "<group>"; };
		FA74DAAE19FF0F2F003C421B /* Base */ = {isa = PBXFileReference; lastKnownFileType = file.xib; name = Base; path = Base.lproj/LaunchScreen.xib; sourceTree = "<group>"; };
		FA74DAB419FF0F2F003C421B /* StormyTests.xctest */ = {isa = PBXFileReference; explicitFileType = wrapper.cfbundle; includeInIndex = 0; path = StormyTests.xctest; sourceTree = BUILT_PRODUCTS_DIR; };
		FA74DAB919FF0F2F003C421B /* Info.plist */ = {isa = PBXFileReference; lastKnownFileType = text.plist.xml; path = Info.plist; sourceTree = "<group>"; };
		FA74DABA19FF0F2F003C421B /* StormyTests.swift */ = {isa = PBXFileReference; lastKnownFileType = sourcecode.swift; path = StormyTests.swift; sourceTree = "<group>"; };
		FAEF30EF1A070C1D00C01682 /* Current.swift */ = {isa = PBXFileReference; fileEncoding = 4; lastKnownFileType = sourcecode.swift; path = Current.swift; sourceTree = "<group>"; };
/* End PBXFileReference section */

/* Begin PBXFrameworksBuildPhase section */
		FA74DA9C19FF0F2F003C421B /* Frameworks */ = {
			isa = PBXFrameworksBuildPhase;
			buildActionMask = 2147483647;
			files = (
				1CCF7EC1ED94527377F31E5D /* libPods.a in Frameworks */,
			);
			runOnlyForDeploymentPostprocessing = 0;
		};
		FA74DAB119FF0F2F003C421B /* Frameworks */ = {
			isa = PBXFrameworksBuildPhase;
			buildActionMask = 2147483647;
			files = (
			);
			runOnlyForDeploymentPostprocessing = 0;
		};
/* End PBXFrameworksBuildPhase section */

/* Begin PBXGroup section */
		8B3A5FC3DE5D49E1CB1AD345 /* Pods */ = {
			isa = PBXGroup;
			children = (
				CFA2B78430ACA3DCCF021F2D /* Pods.debug.xcconfig */,
				690747429A45F3C2F6BE1E3E /* Pods.release.xcconfig */,
			);
			name = Pods;
			sourceTree = "<group>";
		};
		DA1D543CB7793C95A951FAF4 /* Frameworks */ = {
			isa = PBXGroup;
			children = (
				E00E4B15EA382A421D8AF169 /* libPods.a */,
			);
			name = Frameworks;
			sourceTree = "<group>";
		};
		FA74DA9619FF0F2F003C421B = {
			isa = PBXGroup;
			children = (
				FA74DAA119FF0F2F003C421B /* Stormy */,
				FA74DAB719FF0F2F003C421B /* StormyTests */,
				FA74DAA019FF0F2F003C421B /* Products */,
				8B3A5FC3DE5D49E1CB1AD345 /* Pods */,
				DA1D543CB7793C95A951FAF4 /* Frameworks */,
			);
			sourceTree = "<group>";
		};
		FA74DAA019FF0F2F003C421B /* Products */ = {
			isa = PBXGroup;
			children = (
				FA74DA9F19FF0F2F003C421B /* Stormy.app */,
				FA74DAB419FF0F2F003C421B /* StormyTests.xctest */,
			);
			name = Products;
			sourceTree = "<group>";
		};
		FA74DAA119FF0F2F003C421B /* Stormy */ = {
			isa = PBXGroup;
			children = (
				FA74DAA419FF0F2F003C421B /* AppDelegate.swift */,
				FA74DAA619FF0F2F003C421B /* ViewController.swift */,
				FAEF30EF1A070C1D00C01682 /* Current.swift */,
				FA74DAA819FF0F2F003C421B /* Main.storyboard */,
				FA74DAAB19FF0F2F003C421B /* Images.xcassets */,
				FA74DAAD19FF0F2F003C421B /* LaunchScreen.xib */,
				FA74DAA219FF0F2F003C421B /* Supporting Files */,
			);
			path = Stormy;
			sourceTree = "<group>";
		};
		FA74DAA219FF0F2F003C421B /* Supporting Files */ = {
			isa = PBXGroup;
			children = (
				FA74DAA319FF0F2F003C421B /* Info.plist */,
			);
			name = "Supporting Files";
			sourceTree = "<group>";
		};
		FA74DAB719FF0F2F003C421B /* StormyTests */ = {
			isa = PBXGroup;
			children = (
				FA74DABA19FF0F2F003C421B /* StormyTests.swift */,
				FA74DAB819FF0F2F003C421B /* Supporting Files */,
			);
			path = StormyTests;
			sourceTree = "<group>";
		};
		FA74DAB819FF0F2F003C421B /* Supporting Files */ = {
			isa = PBXGroup;
			children = (
				FA74DAB919FF0F2F003C421B /* Info.plist */,
			);
			name = "Supporting Files";
			sourceTree = "<group>";
		};
/* End PBXGroup section */

/* Begin PBXNativeTarget section */
		FA74DA9E19FF0F2F003C421B /* Stormy */ = {
			isa = PBXNativeTarget;
			buildConfigurationList = FA74DABE19FF0F2F003C421B /* Build configuration list for PBXNativeTarget "Stormy" */;
			buildPhases = (
				E1244C724A41E64D6E6B7B15 /* Check Pods Manifest.lock */,
				FA74DA9B19FF0F2F003C421B /* Sources */,
				FA74DA9C19FF0F2F003C421B /* Frameworks */,
				FA74DA9D19FF0F2F003C421B /* Resources */,
				81B4A80DEB4E5E80A58AFED6 /* Copy Pods Resources */,
			);
			buildRules = (
			);
			dependencies = (
			);
			name = Stormy;
			productName = Stormy;
			productReference = FA74DA9F19FF0F2F003C421B /* Stormy.app */;
			productType = "com.apple.product-type.application";
		};
		FA74DAB319FF0F2F003C421B /* StormyTests */ = {
			isa = PBXNativeTarget;
			buildConfigurationList = FA74DAC119FF0F2F003C421B /* Build configuration list for PBXNativeTarget "StormyTests" */;
			buildPhases = (
				FA74DAB019FF0F2F003C421B /* Sources */,
				FA74DAB119FF0F2F003C421B /* Frameworks */,
				FA74DAB219FF0F2F003C421B /* Resources */,
			);
			buildRules = (
			);
			dependencies = (
				FA74DAB619FF0F2F003C421B /* PBXTargetDependency */,
			);
			name = StormyTests;
			productName = StormyTests;
			productReference = FA74DAB419FF0F2F003C421B /* StormyTests.xctest */;
			productType = "com.apple.product-type.bundle.unit-test";
		};
/* End PBXNativeTarget section */

/* Begin PBXProject section */
		FA74DA9719FF0F2F003C421B /* Project object */ = {
			isa = PBXProject;
			attributes = {
				LastUpgradeCheck = 0600;
				ORGANIZATIONNAME = "Jared Allen";
				TargetAttributes = {
					FA74DA9E19FF0F2F003C421B = {
						CreatedOnToolsVersion = 6.0.1;
					};
					FA74DAB319FF0F2F003C421B = {
						CreatedOnToolsVersion = 6.0.1;
						TestTargetID = FA74DA9E19FF0F2F003C421B;
					};
				};
			};
			buildConfigurationList = FA74DA9A19FF0F2F003C421B /* Build configuration list for PBXProject "Stormy" */;
			compatibilityVersion = "Xcode 3.2";
			developmentRegion = English;
			hasScannedForEncodings = 0;
			knownRegions = (
				en,
				Base,
			);
			mainGroup = FA74DA9619FF0F2F003C421B;
			productRefGroup = FA74DAA019FF0F2F003C421B /* Products */;
			projectDirPath = "";
			projectRoot = "";
			targets = (
				FA74DA9E19FF0F2F003C421B /* Stormy */,
				FA74DAB319FF0F2F003C421B /* StormyTests */,
			);
		};
/* End PBXProject section */

/* Begin PBXResourcesBuildPhase section */
		FA74DA9D19FF0F2F003C421B /* Resources */ = {
			isa = PBXResourcesBuildPhase;
			buildActionMask = 2147483647;
			files = (
				FA74DAAA19FF0F2F003C421B /* Main.storyboard in Resources */,
				FA74DAAF19FF0F2F003C421B /* LaunchScreen.xib in Resources */,
				FA74DAAC19FF0F2F003C421B /* Images.xcassets in Resources */,
			);
			runOnlyForDeploymentPostprocessing = 0;
		};
		FA74DAB219FF0F2F003C421B /* Resources */ = {
			isa = PBXResourcesBuildPhase;
			buildActionMask = 2147483647;
			files = (
			);
			runOnlyForDeploymentPostprocessing = 0;
		};
/* End PBXResourcesBuildPhase section */

/* Begin PBXShellScriptBuildPhase section */
		81B4A80DEB4E5E80A58AFED6 /* Copy Pods Resources */ = {
			isa = PBXShellScriptBuildPhase;
			buildActionMask = 2147483647;
			files = (
			);
			inputPaths = (
			);
			name = "Copy Pods Resources";
			outputPaths = (
			);
			runOnlyForDeploymentPostprocessing = 0;
			shellPath = /bin/sh;
			shellScript = "\"${SRCROOT}/Pods/Target Support Files/Pods/Pods-resources.sh\"\n";
			showEnvVarsInLog = 0;
		};
		E1244C724A41E64D6E6B7B15 /* Check Pods Manifest.lock */ = {
			isa = PBXShellScriptBuildPhase;
			buildActionMask = 2147483647;
			files = (
			);
			inputPaths = (
			);
			name = "Check Pods Manifest.lock";
			outputPaths = (
			);
			runOnlyForDeploymentPostprocessing = 0;
			shellPath = /bin/sh;
			shellScript = "diff \"${PODS_ROOT}/../Podfile.lock\" \"${PODS_ROOT}/Manifest.lock\" > /dev/null\nif [[ $? != 0 ]] ; then\n    cat << EOM\nerror: The sandbox is not in sync with the Podfile.lock. Run 'pod install' or update your CocoaPods installation.\nEOM\n    exit 1\nfi\n";
			showEnvVarsInLog = 0;
		};
/* End PBXShellScriptBuildPhase section */

/* Begin PBXSourcesBuildPhase section */
		FA74DA9B19FF0F2F003C421B /* Sources */ = {
			isa = PBXSourcesBuildPhase;
			buildActionMask = 2147483647;
			files = (
				FAEF30F01A070C1D00C01682 /* Current.swift in Sources */,
				FA74DAA719FF0F2F003C421B /* ViewController.swift in Sources */,
				FA74DAA519FF0F2F003C421B /* AppDelegate.swift in Sources */,
			);
			runOnlyForDeploymentPostprocessing = 0;
		};
		FA74DAB019FF0F2F003C421B /* Sources */ = {
			isa = PBXSourcesBuildPhase;
			buildActionMask = 2147483647;
			files = (
				FA74DABB19FF0F2F003C421B /* StormyTests.swift in Sources */,
			);
			runOnlyForDeploymentPostprocessing = 0;
		};
/* End PBXSourcesBuildPhase section */

/* Begin PBXTargetDependency section */
		FA74DAB619FF0F2F003C421B /* PBXTargetDependency */ = {
			isa = PBXTargetDependency;
			target = FA74DA9E19FF0F2F003C421B /* Stormy */;
			targetProxy = FA74DAB519FF0F2F003C421B /* PBXContainerItemProxy */;
		};
/* End PBXTargetDependency section */

/* Begin PBXVariantGroup section */
		FA74DAA819FF0F2F003C421B /* Main.storyboard */ = {
			isa = PBXVariantGroup;
			children = (
				FA74DAA919FF0F2F003C421B /* Base */,
			);
			name = Main.storyboard;
			sourceTree = "<group>";
		};
		FA74DAAD19FF0F2F003C421B /* LaunchScreen.xib */ = {
			isa = PBXVariantGroup;
			children = (
				FA74DAAE19FF0F2F003C421B /* Base */,
			);
			name = LaunchScreen.xib;
			sourceTree = "<group>";
		};
/* End PBXVariantGroup section */

/* Begin XCBuildConfiguration section */
		FA74DABC19FF0F2F003C421B /* Debug */ = {
			isa = XCBuildConfiguration;
			buildSettings = {
				ALWAYS_SEARCH_USER_PATHS = NO;
				CLANG_CXX_LANGUAGE_STANDARD = "gnu++0x";
				CLANG_CXX_LIBRARY = "libc++";
				CLANG_ENABLE_MODULES = YES;
				CLANG_ENABLE_OBJC_ARC = YES;
				CLANG_WARN_BOOL_CONVERSION = YES;
				CLANG_WARN_CONSTANT_CONVERSION = YES;
				CLANG_WARN_DIRECT_OBJC_ISA_USAGE = YES_ERROR;
				CLANG_WARN_EMPTY_BODY = YES;
				CLANG_WARN_ENUM_CONVERSION = YES;
				CLANG_WARN_INT_CONVERSION = YES;
				CLANG_WARN_OBJC_ROOT_CLASS = YES_ERROR;
				CLANG_WARN_UNREACHABLE_CODE = YES;
				CLANG_WARN__DUPLICATE_METHOD_MATCH = YES;
				"CODE_SIGN_IDENTITY[sdk=iphoneos*]" = "iPhone Developer";
				COPY_PHASE_STRIP = NO;
				ENABLE_STRICT_OBJC_MSGSEND = YES;
				GCC_C_LANGUAGE_STANDARD = gnu99;
				GCC_DYNAMIC_NO_PIC = NO;
				GCC_OPTIMIZATION_LEVEL = 0;
				GCC_PREPROCESSOR_DEFINITIONS = (
					"DEBUG=1",
					"$(inherited)",
				);
				GCC_SYMBOLS_PRIVATE_EXTERN = NO;
				GCC_WARN_64_TO_32_BIT_CONVERSION = YES;
				GCC_WARN_ABOUT_RETURN_TYPE = YES_ERROR;
				GCC_WARN_UNDECLARED_SELECTOR = YES;
				GCC_WARN_UNINITIALIZED_AUTOS = YES_AGGRESSIVE;
				GCC_WARN_UNUSED_FUNCTION = YES;
				GCC_WARN_UNUSED_VARIABLE = YES;
				IPHONEOS_DEPLOYMENT_TARGET = 8.0;
				MTL_ENABLE_DEBUG_INFO = YES;
				ONLY_ACTIVE_ARCH = YES;
				SDKROOT = iphoneos;
				SWIFT_OPTIMIZATION_LEVEL = "-Onone";
			};
			name = Debug;
		};
		FA74DABD19FF0F2F003C421B /* Release */ = {
			isa = XCBuildConfiguration;
			buildSettings = {
				ALWAYS_SEARCH_USER_PATHS = NO;
				CLANG_CXX_LANGUAGE_STANDARD = "gnu++0x";
				CLANG_CXX_LIBRARY = "libc++";
				CLANG_ENABLE_MODULES = YES;
				CLANG_ENABLE_OBJC_ARC = YES;
				CLANG_WARN_BOOL_CONVERSION = YES;
				CLANG_WARN_CONSTANT_CONVERSION = YES;
				CLANG_WARN_DIRECT_OBJC_ISA_USAGE = YES_ERROR;
				CLANG_WARN_EMPTY_BODY = YES;
				CLANG_WARN_ENUM_CONVERSION = YES;
				CLANG_WARN_INT_CONVERSION = YES;
				CLANG_WARN_OBJC_ROOT_CLASS = YES_ERROR;
				CLANG_WARN_UNREACHABLE_CODE = YES;
				CLANG_WARN__DUPLICATE_METHOD_MATCH = YES;
				"CODE_SIGN_IDENTITY[sdk=iphoneos*]" = "iPhone Developer";
				COPY_PHASE_STRIP = YES;
				ENABLE_NS_ASSERTIONS = NO;
				ENABLE_STRICT_OBJC_MSGSEND = YES;
				GCC_C_LANGUAGE_STANDARD = gnu99;
				GCC_WARN_64_TO_32_BIT_CONVERSION = YES;
				GCC_WARN_ABOUT_RETURN_TYPE = YES_ERROR;
				GCC_WARN_UNDECLARED_SELECTOR = YES;
				GCC_WARN_UNINITIALIZED_AUTOS = YES_AGGRESSIVE;
				GCC_WARN_UNUSED_FUNCTION = YES;
				GCC_WARN_UNUSED_VARIABLE = YES;
				IPHONEOS_DEPLOYMENT_TARGET = 8.0;
				MTL_ENABLE_DEBUG_INFO = NO;
				SDKROOT = iphoneos;
				VALIDATE_PRODUCT = YES;
			};
			name = Release;
		};
		FA74DABF19FF0F2F003C421B /* Debug */ = {
			isa = XCBuildConfiguration;
			baseConfigurationReference = CFA2B78430ACA3DCCF021F2D /* Pods.debug.xcconfig */;
			buildSettings = {
				ASSETCATALOG_COMPILER_APPICON_NAME = AppIcon;
				INFOPLIST_FILE = Stormy/Info.plist;
				LD_RUNPATH_SEARCH_PATHS = "$(inherited) @executable_path/Frameworks";
				PRODUCT_NAME = "$(TARGET_NAME)";
			};
			name = Debug;
		};
		FA74DAC019FF0F2F003C421B /* Release */ = {
			isa = XCBuildConfiguration;
			baseConfigurationReference = 690747429A45F3C2F6BE1E3E /* Pods.release.xcconfig */;
			buildSettings = {
				ASSETCATALOG_COMPILER_APPICON_NAME = AppIcon;
				INFOPLIST_FILE = Stormy/Info.plist;
				LD_RUNPATH_SEARCH_PATHS = "$(inherited) @executable_path/Frameworks";
				PRODUCT_NAME = "$(TARGET_NAME)";
			};
			name = Release;
		};
		FA74DAC219FF0F2F003C421B /* Debug */ = {
			isa = XCBuildConfiguration;
			buildSettings = {
				BUNDLE_LOADER = "$(TEST_HOST)";
				FRAMEWORK_SEARCH_PATHS = (
					"$(SDKROOT)/Developer/Library/Frameworks",
					"$(inherited)",
				);
				GCC_PREPROCESSOR_DEFINITIONS = (
					"DEBUG=1",
					"$(inherited)",
				);
				INFOPLIST_FILE = StormyTests/Info.plist;
				LD_RUNPATH_SEARCH_PATHS = "$(inherited) @executable_path/Frameworks @loader_path/Frameworks";
				PRODUCT_NAME = "$(TARGET_NAME)";
				TEST_HOST = "$(BUILT_PRODUCTS_DIR)/Stormy.app/Stormy";
			};
			name = Debug;
		};
		FA74DAC319FF0F2F003C421B /* Release */ = {
			isa = XCBuildConfiguration;
			buildSettings = {
				BUNDLE_LOADER = "$(TEST_HOST)";
				FRAMEWORK_SEARCH_PATHS = (
					"$(SDKROOT)/Developer/Library/Frameworks",
					"$(inherited)",
				);
				INFOPLIST_FILE = StormyTests/Info.plist;
				LD_RUNPATH_SEARCH_PATHS = "$(inherited) @executable_path/Frameworks @loader_path/Frameworks";
				PRODUCT_NAME = "$(TARGET_NAME)";
				TEST_HOST = "$(BUILT_PRODUCTS_DIR)/Stormy.app/Stormy";
			};
			name = Release;
		};
/* End XCBuildConfiguration section */

/* Begin XCConfigurationList section */
		FA74DA9A19FF0F2F003C421B /* Build configuration list for PBXProject "Stormy" */ = {
			isa = XCConfigurationList;
			buildConfigurations = (
				FA74DABC19FF0F2F003C421B /* Debug */,
				FA74DABD19FF0F2F003C421B /* Release */,
			);
			defaultConfigurationIsVisible = 0;
			defaultConfigurationName = Release;
		};
		FA74DABE19FF0F2F003C421B /* Build configuration list for PBXNativeTarget "Stormy" */ = {
			isa = XCConfigurationList;
			buildConfigurations = (
				FA74DABF19FF0F2F003C421B /* Debug */,
				FA74DAC019FF0F2F003C421B /* Release */,
			);
			defaultConfigurationIsVisible = 0;
			defaultConfigurationName = Release;
		};
		FA74DAC119FF0F2F003C421B /* Build configuration list for PBXNativeTarget "StormyTests" */ = {
			isa = XCConfigurationList;
			buildConfigurations = (
				FA74DAC219FF0F2F003C421B /* Debug */,
				FA74DAC319FF0F2F003C421B /* Release */,
			);
			defaultConfigurationIsVisible = 0;
			defaultConfigurationName = Release;
		};
/* End XCConfigurationList section */
	};
	rootObject = FA74DA9719FF0F2F003C421B /* Project object */;
}
